// !$*UTF8*$!
{
	archiveVersion = 1;
	classes = {
	};
	objectVersion = 56;
	objects = {

/* Begin PBXBuildFile section */
		A3DF551C2AF129FD00909E3C /* LitLibraryApp.swift in Sources */ = {isa = PBXBuildFile; fileRef = A3DF551B2AF129FD00909E3C /* LitLibraryApp.swift */; };
		A3DF551E2AF129FD00909E3C /* ContentView.swift in Sources */ = {isa = PBXBuildFile; fileRef = A3DF551D2AF129FD00909E3C /* ContentView.swift */; };
		A3DF55202AF129FF00909E3C /* Assets.xcassets in Resources */ = {isa = PBXBuildFile; fileRef = A3DF551F2AF129FF00909E3C /* Assets.xcassets */; };
		A3DF55232AF129FF00909E3C /* Preview Assets.xcassets in Resources */ = {isa = PBXBuildFile; fileRef = A3DF55222AF129FF00909E3C /* Preview Assets.xcassets */; };
		A3DF552D2AF12AC900909E3C /* GoogleService-Info.plist in Resources */ = {isa = PBXBuildFile; fileRef = A3DF552C2AF12AC900909E3C /* GoogleService-Info.plist */; };
		A3DF55302AF12B2C00909E3C /* FirebaseAnalytics in Frameworks */ = {isa = PBXBuildFile; productRef = A3DF552F2AF12B2C00909E3C /* FirebaseAnalytics */; };
		A3DF55322AF12B2C00909E3C /* FirebaseAnalyticsOnDeviceConversion in Frameworks */ = {isa = PBXBuildFile; productRef = A3DF55312AF12B2C00909E3C /* FirebaseAnalyticsOnDeviceConversion */; };
		A3DF55342AF12B2C00909E3C /* FirebaseAnalyticsSwift in Frameworks */ = {isa = PBXBuildFile; productRef = A3DF55332AF12B2C00909E3C /* FirebaseAnalyticsSwift */; };
		A3DF55362AF12B2C00909E3C /* FirebaseAnalyticsWithoutAdIdSupport in Frameworks */ = {isa = PBXBuildFile; productRef = A3DF55352AF12B2C00909E3C /* FirebaseAnalyticsWithoutAdIdSupport */; };
		A3DF55382AF12B2C00909E3C /* FirebaseAppCheck in Frameworks */ = {isa = PBXBuildFile; productRef = A3DF55372AF12B2C00909E3C /* FirebaseAppCheck */; };
		A3DF553B2AF12B4000909E3C /* FirebaseAuth in Frameworks */ = {isa = PBXBuildFile; productRef = A3DF553A2AF12B4000909E3C /* FirebaseAuth */; };
		A3DF553D2AF12B4800909E3C /* FirebaseFirestore in Frameworks */ = {isa = PBXBuildFile; productRef = A3DF553C2AF12B4800909E3C /* FirebaseFirestore */; };
		A3DF553F2AF12B4E00909E3C /* FirebaseFirestoreSwift in Frameworks */ = {isa = PBXBuildFile; productRef = A3DF553E2AF12B4E00909E3C /* FirebaseFirestoreSwift */; };
		A3DF55422AF12E5C00909E3C /* LoginView.swift in Sources */ = {isa = PBXBuildFile; fileRef = A3DF55412AF12E5C00909E3C /* LoginView.swift */; };
		A3DF55442AF12F3400909E3C /* RegisterView.swift in Sources */ = {isa = PBXBuildFile; fileRef = A3DF55432AF12F3400909E3C /* RegisterView.swift */; };
		A3DF55482AF1386500909E3C /* DBConnection.swift in Sources */ = {isa = PBXBuildFile; fileRef = A3DF55472AF1386500909E3C /* DBConnection.swift */; };
		A3DF554B2AF164C000909E3C /* BooksView.swift in Sources */ = {isa = PBXBuildFile; fileRef = A3DF554A2AF164C000909E3C /* BooksView.swift */; };
/* End PBXBuildFile section */

/* Begin PBXFileReference section */
		A3DF55182AF129FD00909E3C /* LitLibrary.app */ = {isa = PBXFileReference; explicitFileType = wrapper.application; includeInIndex = 0; path = LitLibrary.app; sourceTree = BUILT_PRODUCTS_DIR; };
		A3DF551B2AF129FD00909E3C /* LitLibraryApp.swift */ = {isa = PBXFileReference; lastKnownFileType = sourcecode.swift; path = LitLibraryApp.swift; sourceTree = "<group>"; };
		A3DF551D2AF129FD00909E3C /* ContentView.swift */ = {isa = PBXFileReference; lastKnownFileType = sourcecode.swift; path = ContentView.swift; sourceTree = "<group>"; };
		A3DF551F2AF129FF00909E3C /* Assets.xcassets */ = {isa = PBXFileReference; lastKnownFileType = folder.assetcatalog; path = Assets.xcassets; sourceTree = "<group>"; };
		A3DF55222AF129FF00909E3C /* Preview Assets.xcassets */ = {isa = PBXFileReference; lastKnownFileType = folder.assetcatalog; path = "Preview Assets.xcassets"; sourceTree = "<group>"; };
		A3DF552C2AF12AC900909E3C /* GoogleService-Info.plist */ = {isa = PBXFileReference; fileEncoding = 4; lastKnownFileType = text.plist.xml; path = "GoogleService-Info.plist"; sourceTree = "<group>"; };
		A3DF55412AF12E5C00909E3C /* LoginView.swift */ = {isa = PBXFileReference; lastKnownFileType = sourcecode.swift; path = LoginView.swift; sourceTree = "<group>"; };
		A3DF55432AF12F3400909E3C /* RegisterView.swift */ = {isa = PBXFileReference; lastKnownFileType = sourcecode.swift; path = RegisterView.swift; sourceTree = "<group>"; };
		A3DF55472AF1386500909E3C /* DBConnection.swift */ = {isa = PBXFileReference; lastKnownFileType = sourcecode.swift; path = DBConnection.swift; sourceTree = "<group>"; };
		A3DF554A2AF164C000909E3C /* BooksView.swift */ = {isa = PBXFileReference; lastKnownFileType = sourcecode.swift; path = BooksView.swift; sourceTree = "<group>"; };
/* End PBXFileReference section */

/* Begin PBXFrameworksBuildPhase section */
		A3DF55152AF129FD00909E3C /* Frameworks */ = {
			isa = PBXFrameworksBuildPhase;
			buildActionMask = 2147483647;
			files = (
				A3DF55342AF12B2C00909E3C /* FirebaseAnalyticsSwift in Frameworks */,
				A3DF553B2AF12B4000909E3C /* FirebaseAuth in Frameworks */,
				A3DF55302AF12B2C00909E3C /* FirebaseAnalytics in Frameworks */,
				A3DF55322AF12B2C00909E3C /* FirebaseAnalyticsOnDeviceConversion in Frameworks */,
				A3DF55382AF12B2C00909E3C /* FirebaseAppCheck in Frameworks */,
				A3DF55362AF12B2C00909E3C /* FirebaseAnalyticsWithoutAdIdSupport in Frameworks */,
				A3DF553D2AF12B4800909E3C /* FirebaseFirestore in Frameworks */,
				A3DF553F2AF12B4E00909E3C /* FirebaseFirestoreSwift in Frameworks */,
			);
			runOnlyForDeploymentPostprocessing = 0;
		};
/* End PBXFrameworksBuildPhase section */

/* Begin PBXGroup section */
		A3DF550F2AF129FD00909E3C = {
			isa = PBXGroup;
			children = (
				A3DF551A2AF129FD00909E3C /* LitLibrary */,
				A3DF55192AF129FD00909E3C /* Products */,
				A3DF55392AF12B4000909E3C /* Frameworks */,
			);
			sourceTree = "<group>";
		};
		A3DF55192AF129FD00909E3C /* Products */ = {
			isa = PBXGroup;
			children = (
				A3DF55182AF129FD00909E3C /* LitLibrary.app */,
			);
			name = Products;
			sourceTree = "<group>";
		};
		A3DF551A2AF129FD00909E3C /* LitLibrary */ = {
			isa = PBXGroup;
			children = (
				A3DF55492AF1649900909E3C /* Views */,
				A3DF55292AF12A2500909E3C /* Components */,
				A3DF551B2AF129FD00909E3C /* LitLibraryApp.swift */,
				A3DF551D2AF129FD00909E3C /* ContentView.swift */,
				A3DF552C2AF12AC900909E3C /* GoogleService-Info.plist */,
				A3DF551F2AF129FF00909E3C /* Assets.xcassets */,
				A3DF55212AF129FF00909E3C /* Preview Content */,
				A3DF55472AF1386500909E3C /* DBConnection.swift */,
			);
			path = LitLibrary;
			sourceTree = "<group>";
		};
		A3DF55212AF129FF00909E3C /* Preview Content */ = {
			isa = PBXGroup;
			children = (
				A3DF55222AF129FF00909E3C /* Preview Assets.xcassets */,
			);
			path = "Preview Content";
			sourceTree = "<group>";
		};
		A3DF55292AF12A2500909E3C /* Components */ = {
			isa = PBXGroup;
			children = (
			);
			path = Components;
			sourceTree = "<group>";
		};
		A3DF55392AF12B4000909E3C /* Frameworks */ = {
			isa = PBXGroup;
			children = (
			);
			name = Frameworks;
			sourceTree = "<group>";
		};
		A3DF55402AF12E4800909E3C /* Authentication */ = {
			isa = PBXGroup;
			children = (
				A3DF55412AF12E5C00909E3C /* LoginView.swift */,
				A3DF55432AF12F3400909E3C /* RegisterView.swift */,
			);
			path = Authentication;
			sourceTree = "<group>";
		};
		A3DF55492AF1649900909E3C /* Views */ = {
			isa = PBXGroup;
			children = (
				A3DF55402AF12E4800909E3C /* Authentication */,
				A3DF554A2AF164C000909E3C /* BooksView.swift */,
			);
			path = Views;
			sourceTree = "<group>";
		};
/* End PBXGroup section */

/* Begin PBXNativeTarget section */
		A3DF55172AF129FD00909E3C /* LitLibrary */ = {
			isa = PBXNativeTarget;
			buildConfigurationList = A3DF55262AF129FF00909E3C /* Build configuration list for PBXNativeTarget "LitLibrary" */;
			buildPhases = (
				A3DF55142AF129FD00909E3C /* Sources */,
				A3DF55152AF129FD00909E3C /* Frameworks */,
				A3DF55162AF129FD00909E3C /* Resources */,
			);
			buildRules = (
			);
			dependencies = (
			);
			name = LitLibrary;
			packageProductDependencies = (
				A3DF552F2AF12B2C00909E3C /* FirebaseAnalytics */,
				A3DF55312AF12B2C00909E3C /* FirebaseAnalyticsOnDeviceConversion */,
				A3DF55332AF12B2C00909E3C /* FirebaseAnalyticsSwift */,
				A3DF55352AF12B2C00909E3C /* FirebaseAnalyticsWithoutAdIdSupport */,
				A3DF55372AF12B2C00909E3C /* FirebaseAppCheck */,
				A3DF553A2AF12B4000909E3C /* FirebaseAuth */,
				A3DF553C2AF12B4800909E3C /* FirebaseFirestore */,
				A3DF553E2AF12B4E00909E3C /* FirebaseFirestoreSwift */,
			);
			productName = LitLibrary;
			productReference = A3DF55182AF129FD00909E3C /* LitLibrary.app */;
			productType = "com.apple.product-type.application";
		};
/* End PBXNativeTarget section */

/* Begin PBXProject section */
		A3DF55102AF129FD00909E3C /* Project object */ = {
			isa = PBXProject;
			attributes = {
				BuildIndependentTargetsInParallel = 1;
				LastSwiftUpdateCheck = 1500;
				LastUpgradeCheck = 1500;
				TargetAttributes = {
					A3DF55172AF129FD00909E3C = {
						CreatedOnToolsVersion = 15.0;
					};
				};
			};
			buildConfigurationList = A3DF55132AF129FD00909E3C /* Build configuration list for PBXProject "LitLibrary" */;
			compatibilityVersion = "Xcode 14.0";
			developmentRegion = en;
			hasScannedForEncodings = 0;
			knownRegions = (
				en,
				Base,
			);
			mainGroup = A3DF550F2AF129FD00909E3C;
			packageReferences = (
				A3DF552E2AF12B2C00909E3C /* XCRemoteSwiftPackageReference "firebase-ios-sdk" */,
			);
			productRefGroup = A3DF55192AF129FD00909E3C /* Products */;
			projectDirPath = "";
			projectRoot = "";
			targets = (
				A3DF55172AF129FD00909E3C /* LitLibrary */,
			);
		};
/* End PBXProject section */

/* Begin PBXResourcesBuildPhase section */
		A3DF55162AF129FD00909E3C /* Resources */ = {
			isa = PBXResourcesBuildPhase;
			buildActionMask = 2147483647;
			files = (
				A3DF55232AF129FF00909E3C /* Preview Assets.xcassets in Resources */,
				A3DF55202AF129FF00909E3C /* Assets.xcassets in Resources */,
				A3DF552D2AF12AC900909E3C /* GoogleService-Info.plist in Resources */,
			);
			runOnlyForDeploymentPostprocessing = 0;
		};
/* End PBXResourcesBuildPhase section */

/* Begin PBXSourcesBuildPhase section */
		A3DF55142AF129FD00909E3C /* Sources */ = {
			isa = PBXSourcesBuildPhase;
			buildActionMask = 2147483647;
			files = (
				A3DF551E2AF129FD00909E3C /* ContentView.swift in Sources */,
				A3DF554B2AF164C000909E3C /* BooksView.swift in Sources */,
				A3DF55442AF12F3400909E3C /* RegisterView.swift in Sources */,
				A3DF55422AF12E5C00909E3C /* LoginView.swift in Sources */,
				A3DF551C2AF129FD00909E3C /* LitLibraryApp.swift in Sources */,
				A3DF55482AF1386500909E3C /* DBConnection.swift in Sources */,
			);
			runOnlyForDeploymentPostprocessing = 0;
		};
/* End PBXSourcesBuildPhase section */

/* Begin XCBuildConfiguration section */
		A3DF55242AF129FF00909E3C /* Debug */ = {
			isa = XCBuildConfiguration;
			buildSettings = {
				ALWAYS_SEARCH_USER_PATHS = NO;
				ASSETCATALOG_COMPILER_GENERATE_SWIFT_ASSET_SYMBOL_EXTENSIONS = YES;
				CLANG_ANALYZER_NONNULL = YES;
				CLANG_ANALYZER_NUMBER_OBJECT_CONVERSION = YES_AGGRESSIVE;
				CLANG_CXX_LANGUAGE_STANDARD = "gnu++20";
				CLANG_ENABLE_MODULES = YES;
				CLANG_ENABLE_OBJC_ARC = YES;
				CLANG_ENABLE_OBJC_WEAK = YES;
				CLANG_WARN_BLOCK_CAPTURE_AUTORELEASING = YES;
				CLANG_WARN_BOOL_CONVERSION = YES;
				CLANG_WARN_COMMA = YES;
				CLANG_WARN_CONSTANT_CONVERSION = YES;
				CLANG_WARN_DEPRECATED_OBJC_IMPLEMENTATIONS = YES;
				CLANG_WARN_DIRECT_OBJC_ISA_USAGE = YES_ERROR;
				CLANG_WARN_DOCUMENTATION_COMMENTS = YES;
				CLANG_WARN_EMPTY_BODY = YES;
				CLANG_WARN_ENUM_CONVERSION = YES;
				CLANG_WARN_INFINITE_RECURSION = YES;
				CLANG_WARN_INT_CONVERSION = YES;
				CLANG_WARN_NON_LITERAL_NULL_CONVERSION = YES;
				CLANG_WARN_OBJC_IMPLICIT_RETAIN_SELF = YES;
				CLANG_WARN_OBJC_LITERAL_CONVERSION = YES;
				CLANG_WARN_OBJC_ROOT_CLASS = YES_ERROR;
				CLANG_WARN_QUOTED_INCLUDE_IN_FRAMEWORK_HEADER = YES;
				CLANG_WARN_RANGE_LOOP_ANALYSIS = YES;
				CLANG_WARN_STRICT_PROTOTYPES = YES;
				CLANG_WARN_SUSPICIOUS_MOVE = YES;
				CLANG_WARN_UNGUARDED_AVAILABILITY = YES_AGGRESSIVE;
				CLANG_WARN_UNREACHABLE_CODE = YES;
				CLANG_WARN__DUPLICATE_METHOD_MATCH = YES;
				COPY_PHASE_STRIP = NO;
				DEBUG_INFORMATION_FORMAT = dwarf;
				ENABLE_STRICT_OBJC_MSGSEND = YES;
				ENABLE_TESTABILITY = YES;
				ENABLE_USER_SCRIPT_SANDBOXING = YES;
				GCC_C_LANGUAGE_STANDARD = gnu17;
				GCC_DYNAMIC_NO_PIC = NO;
				GCC_NO_COMMON_BLOCKS = YES;
				GCC_OPTIMIZATION_LEVEL = 0;
				GCC_PREPROCESSOR_DEFINITIONS = (
					"DEBUG=1",
					"$(inherited)",
				);
				GCC_WARN_64_TO_32_BIT_CONVERSION = YES;
				GCC_WARN_ABOUT_RETURN_TYPE = YES_ERROR;
				GCC_WARN_UNDECLARED_SELECTOR = YES;
				GCC_WARN_UNINITIALIZED_AUTOS = YES_AGGRESSIVE;
				GCC_WARN_UNUSED_FUNCTION = YES;
				GCC_WARN_UNUSED_VARIABLE = YES;
				IPHONEOS_DEPLOYMENT_TARGET = 17.0;
				LOCALIZATION_PREFERS_STRING_CATALOGS = YES;
				MTL_ENABLE_DEBUG_INFO = INCLUDE_SOURCE;
				MTL_FAST_MATH = YES;
				ONLY_ACTIVE_ARCH = YES;
				SDKROOT = iphoneos;
				SWIFT_ACTIVE_COMPILATION_CONDITIONS = "DEBUG $(inherited)";
				SWIFT_OPTIMIZATION_LEVEL = "-Onone";
			};
			name = Debug;
		};
		A3DF55252AF129FF00909E3C /* Release */ = {
			isa = XCBuildConfiguration;
			buildSettings = {
				ALWAYS_SEARCH_USER_PATHS = NO;
				ASSETCATALOG_COMPILER_GENERATE_SWIFT_ASSET_SYMBOL_EXTENSIONS = YES;
				CLANG_ANALYZER_NONNULL = YES;
				CLANG_ANALYZER_NUMBER_OBJECT_CONVERSION = YES_AGGRESSIVE;
				CLANG_CXX_LANGUAGE_STANDARD = "gnu++20";
				CLANG_ENABLE_MODULES = YES;
				CLANG_ENABLE_OBJC_ARC = YES;
				CLANG_ENABLE_OBJC_WEAK = YES;
				CLANG_WARN_BLOCK_CAPTURE_AUTORELEASING = YES;
				CLANG_WARN_BOOL_CONVERSION = YES;
				CLANG_WARN_COMMA = YES;
				CLANG_WARN_CONSTANT_CONVERSION = YES;
				CLANG_WARN_DEPRECATED_OBJC_IMPLEMENTATIONS = YES;
				CLANG_WARN_DIRECT_OBJC_ISA_USAGE = YES_ERROR;
				CLANG_WARN_DOCUMENTATION_COMMENTS = YES;
				CLANG_WARN_EMPTY_BODY = YES;
				CLANG_WARN_ENUM_CONVERSION = YES;
				CLANG_WARN_INFINITE_RECURSION = YES;
				CLANG_WARN_INT_CONVERSION = YES;
				CLANG_WARN_NON_LITERAL_NULL_CONVERSION = YES;
				CLANG_WARN_OBJC_IMPLICIT_RETAIN_SELF = YES;
				CLANG_WARN_OBJC_LITERAL_CONVERSION = YES;
				CLANG_WARN_OBJC_ROOT_CLASS = YES_ERROR;
				CLANG_WARN_QUOTED_INCLUDE_IN_FRAMEWORK_HEADER = YES;
				CLANG_WARN_RANGE_LOOP_ANALYSIS = YES;
				CLANG_WARN_STRICT_PROTOTYPES = YES;
				CLANG_WARN_SUSPICIOUS_MOVE = YES;
				CLANG_WARN_UNGUARDED_AVAILABILITY = YES_AGGRESSIVE;
				CLANG_WARN_UNREACHABLE_CODE = YES;
				CLANG_WARN__DUPLICATE_METHOD_MATCH = YES;
				COPY_PHASE_STRIP = NO;
				DEBUG_INFORMATION_FORMAT = "dwarf-with-dsym";
				ENABLE_NS_ASSERTIONS = NO;
				ENABLE_STRICT_OBJC_MSGSEND = YES;
				ENABLE_USER_SCRIPT_SANDBOXING = YES;
				GCC_C_LANGUAGE_STANDARD = gnu17;
				GCC_NO_COMMON_BLOCKS = YES;
				GCC_WARN_64_TO_32_BIT_CONVERSION = YES;
				GCC_WARN_ABOUT_RETURN_TYPE = YES_ERROR;
				GCC_WARN_UNDECLARED_SELECTOR = YES;
				GCC_WARN_UNINITIALIZED_AUTOS = YES_AGGRESSIVE;
				GCC_WARN_UNUSED_FUNCTION = YES;
				GCC_WARN_UNUSED_VARIABLE = YES;
				IPHONEOS_DEPLOYMENT_TARGET = 17.0;
				LOCALIZATION_PREFERS_STRING_CATALOGS = YES;
				MTL_ENABLE_DEBUG_INFO = NO;
				MTL_FAST_MATH = YES;
				SDKROOT = iphoneos;
				SWIFT_COMPILATION_MODE = wholemodule;
				VALIDATE_PRODUCT = YES;
			};
			name = Release;
		};
		A3DF55272AF129FF00909E3C /* Debug */ = {
			isa = XCBuildConfiguration;
			buildSettings = {
				ASSETCATALOG_COMPILER_APPICON_NAME = AppIcon;
				ASSETCATALOG_COMPILER_GLOBAL_ACCENT_COLOR_NAME = AccentColor;
				CODE_SIGN_STYLE = Automatic;
				CURRENT_PROJECT_VERSION = 1;
				DEVELOPMENT_ASSET_PATHS = "\"LitLibrary/Preview Content\"";
				DEVELOPMENT_TEAM = RYM5KD2PV8;
				ENABLE_PREVIEWS = YES;
				GENERATE_INFOPLIST_FILE = YES;
				INFOPLIST_KEY_UIApplicationSceneManifest_Generation = YES;
				INFOPLIST_KEY_UIApplicationSupportsIndirectInputEvents = YES;
				INFOPLIST_KEY_UILaunchScreen_Generation = YES;
				INFOPLIST_KEY_UISupportedInterfaceOrientations_iPad = "UIInterfaceOrientationPortrait UIInterfaceOrientationPortraitUpsideDown UIInterfaceOrientationLandscapeLeft UIInterfaceOrientationLandscapeRight";
				INFOPLIST_KEY_UISupportedInterfaceOrientations_iPhone = "UIInterfaceOrientationPortrait UIInterfaceOrientationLandscapeLeft UIInterfaceOrientationLandscapeRight";
				LD_RUNPATH_SEARCH_PATHS = (
					"$(inherited)",
					"@executable_path/Frameworks",
				);
				MARKETING_VERSION = 1.0;
				PRODUCT_BUNDLE_IDENTIFIER = "-.LitLibrary";
				PRODUCT_NAME = "$(TARGET_NAME)";
				SWIFT_EMIT_LOC_STRINGS = YES;
				SWIFT_VERSION = 5.0;
				TARGETED_DEVICE_FAMILY = "1,2";
			};
			name = Debug;
		};
		A3DF55282AF129FF00909E3C /* Release */ = {
			isa = XCBuildConfiguration;
			buildSettings = {
				ASSETCATALOG_COMPILER_APPICON_NAME = AppIcon;
				ASSETCATALOG_COMPILER_GLOBAL_ACCENT_COLOR_NAME = AccentColor;
				CODE_SIGN_STYLE = Automatic;
				CURRENT_PROJECT_VERSION = 1;
				DEVELOPMENT_ASSET_PATHS = "\"LitLibrary/Preview Content\"";
				DEVELOPMENT_TEAM = RYM5KD2PV8;
				ENABLE_PREVIEWS = YES;
				GENERATE_INFOPLIST_FILE = YES;
				INFOPLIST_KEY_UIApplicationSceneManifest_Generation = YES;
				INFOPLIST_KEY_UIApplicationSupportsIndirectInputEvents = YES;
				INFOPLIST_KEY_UILaunchScreen_Generation = YES;
				INFOPLIST_KEY_UISupportedInterfaceOrientations_iPad = "UIInterfaceOrientationPortrait UIInterfaceOrientationPortraitUpsideDown UIInterfaceOrientationLandscapeLeft UIInterfaceOrientationLandscapeRight";
				INFOPLIST_KEY_UISupportedInterfaceOrientations_iPhone = "UIInterfaceOrientationPortrait UIInterfaceOrientationLandscapeLeft UIInterfaceOrientationLandscapeRight";
				LD_RUNPATH_SEARCH_PATHS = (
					"$(inherited)",
					"@executable_path/Frameworks",
				);
				MARKETING_VERSION = 1.0;
				PRODUCT_BUNDLE_IDENTIFIER = "-.LitLibrary";
				PRODUCT_NAME = "$(TARGET_NAME)";
				SWIFT_EMIT_LOC_STRINGS = YES;
				SWIFT_VERSION = 5.0;
				TARGETED_DEVICE_FAMILY = "1,2";
			};
			name = Release;
		};
/* End XCBuildConfiguration section */

/* Begin XCConfigurationList section */
		A3DF55132AF129FD00909E3C /* Build configuration list for PBXProject "LitLibrary" */ = {
			isa = XCConfigurationList;
			buildConfigurations = (
				A3DF55242AF129FF00909E3C /* Debug */,
				A3DF55252AF129FF00909E3C /* Release */,
			);
			defaultConfigurationIsVisible = 0;
			defaultConfigurationName = Release;
		};
		A3DF55262AF129FF00909E3C /* Build configuration list for PBXNativeTarget "LitLibrary" */ = {
			isa = XCConfigurationList;
			buildConfigurations = (
				A3DF55272AF129FF00909E3C /* Debug */,
				A3DF55282AF129FF00909E3C /* Release */,
			);
			defaultConfigurationIsVisible = 0;
			defaultConfigurationName = Release;
		};
/* End XCConfigurationList section */

/* Begin XCRemoteSwiftPackageReference section */
		A3DF552E2AF12B2C00909E3C /* XCRemoteSwiftPackageReference "firebase-ios-sdk" */ = {
			isa = XCRemoteSwiftPackageReference;
			repositoryURL = "https://github.com/firebase/firebase-ios-sdk";
			requirement = {
				kind = upToNextMajorVersion;
				minimumVersion = 10.17.0;
			};
		};
/* End XCRemoteSwiftPackageReference section */

/* Begin XCSwiftPackageProductDependency section */
		A3DF552F2AF12B2C00909E3C /* FirebaseAnalytics */ = {
			isa = XCSwiftPackageProductDependency;
			package = A3DF552E2AF12B2C00909E3C /* XCRemoteSwiftPackageReference "firebase-ios-sdk" */;
			productName = FirebaseAnalytics;
		};
		A3DF55312AF12B2C00909E3C /* FirebaseAnalyticsOnDeviceConversion */ = {
			isa = XCSwiftPackageProductDependency;
			package = A3DF552E2AF12B2C00909E3C /* XCRemoteSwiftPackageReference "firebase-ios-sdk" */;
			productName = FirebaseAnalyticsOnDeviceConversion;
		};
		A3DF55332AF12B2C00909E3C /* FirebaseAnalyticsSwift */ = {
			isa = XCSwiftPackageProductDependency;
			package = A3DF552E2AF12B2C00909E3C /* XCRemoteSwiftPackageReference "firebase-ios-sdk" */;
			productName = FirebaseAnalyticsSwift;
		};
		A3DF55352AF12B2C00909E3C /* FirebaseAnalyticsWithoutAdIdSupport */ = {
			isa = XCSwiftPackageProductDependency;
			package = A3DF552E2AF12B2C00909E3C /* XCRemoteSwiftPackageReference "firebase-ios-sdk" */;
			productName = FirebaseAnalyticsWithoutAdIdSupport;
		};
		A3DF55372AF12B2C00909E3C /* FirebaseAppCheck */ = {
			isa = XCSwiftPackageProductDependency;
			package = A3DF552E2AF12B2C00909E3C /* XCRemoteSwiftPackageReference "firebase-ios-sdk" */;
			productName = FirebaseAppCheck;
		};
		A3DF553A2AF12B4000909E3C /* FirebaseAuth */ = {
			isa = XCSwiftPackageProductDependency;
			package = A3DF552E2AF12B2C00909E3C /* XCRemoteSwiftPackageReference "firebase-ios-sdk" */;
			productName = FirebaseAuth;
		};
		A3DF553C2AF12B4800909E3C /* FirebaseFirestore */ = {
			isa = XCSwiftPackageProductDependency;
			package = A3DF552E2AF12B2C00909E3C /* XCRemoteSwiftPackageReference "firebase-ios-sdk" */;
			productName = FirebaseFirestore;
		};
		A3DF553E2AF12B4E00909E3C /* FirebaseFirestoreSwift */ = {
			isa = XCSwiftPackageProductDependency;
			package = A3DF552E2AF12B2C00909E3C /* XCRemoteSwiftPackageReference "firebase-ios-sdk" */;
			productName = FirebaseFirestoreSwift;
		};
/* End XCSwiftPackageProductDependency section */
	};
	rootObject = A3DF55102AF129FD00909E3C /* Project object */;
}
